{
  "originHash" : "b099f4a849c1ec8b76df41c7021aecd877f6fe57b0c69919371e4e2b7ae8c507",
  "pins" : [
    {
      "identity" : "fluidaudio",
      "kind" : "remoteSourceControl",
      "location" : "https://github.com/FluidInference/FluidAudio.git",
      "state" : {
        "revision" : "ed66535b696c5c6d69a71f508e87bf3491e1b1fd",
        "version" : "0.15.1"
      }
    }
  ],
  "version" : 3
}
