{
  "originHash" : "b099f4a849c1ec8b76df41c7021aecd877f6fe57b0c69919371e4e2b7ae8c507",
  "pins" : [
    {
      "identity" : "fluidaudio",
      "kind" : "remoteSourceControl",
      "location" : "https://github.com/FluidInference/FluidAudio.git",
      "state" : {
        "revision" : "56607d90b97de7d95a731200563bf49aa5beef20",
        "version" : "0.14.8"
      }
    }
  ],
  "version" : 3
}
